{
  "requires": true,
  "lockfileVersion": 1,
  "dependencies": {
    "brackets2dots": {
      "version": "1.1.0",
      "resolved": "https://registry.npmjs.org/brackets2dots/-/brackets2dots-1.1.0.tgz",
      "integrity": "sha1-Pz1AN1/GYM4P0AT6J9Z7NPlGmsM="
    },
    "clone": {
      "version": "2.1.2",
      "resolved": "https://registry.npmjs.org/clone/-/clone-2.1.2.tgz",
      "integrity": "sha1-G39Ln1kfHo+DZwQBYANFoCiHQ18="
    },
    "curriable": {
      "version": "1.2.5",
      "resolved": "https://registry.npmjs.org/curriable/-/curriable-1.2.5.tgz",
      "integrity": "sha512-hQwrkCn8DNiCw5CG8OS0td2wfpCDtxo1dmrVYxCDWUBHQPkpAvN9RqBVbmC64oSQaBqPQD2SOCXcTWH1zXe2mA=="
    },
    "curry2": {
      "version": "1.0.3",
      "resolved": "https://registry.npmjs.org/curry2/-/curry2-1.0.3.tgz",
      "integrity": "sha1-OBkdVfEGC/6kfKCACThbuHj2YS8=",
      "requires": {
        "fast-bind": "^1.0.0"
      }
    },
    "debug": {
      "version": "2.6.9",
      "resolved": "https://registry.npmjs.org/debug/-/debug-2.6.9.tgz",
      "integrity": "sha512-bC7ElrdJaJnPbAP+1EotYvqZsb3ecl5wi6Bfi6BJTUcNowp6cvspg0jXznRTKDjm/E7AdgFBVeAPVMNcKGsHMA==",
      "requires": {
        "ms": "2.0.0"
      }
    },
    "dotsplit.js": {
      "version": "1.1.0",
      "resolved": "https://registry.npmjs.org/dotsplit.js/-/dotsplit.js-1.1.0.tgz",
      "integrity": "sha1-JaI56r6SKpH/pdKhctbJ+4JFHgI="
    },
    "events": {
      "version": "3.0.0",
      "resolved": "https://registry.npmjs.org/events/-/events-3.0.0.tgz",
      "integrity": "sha512-Dc381HFWJzEOhQ+d8pkNon++bk9h6cdAoAj4iE6Q4y6xgTzySWXlKn05/TVNpjnfRqi/X0EpJEJohPjNI3zpVA=="
    },
    "fast-bind": {
      "version": "1.0.0",
      "resolved": "https://registry.npmjs.org/fast-bind/-/fast-bind-1.0.0.tgz",
      "integrity": "sha1-f6llLLMyX1zR4lLWy08WDeGnbnU="
    },
    "fast-stringify": {
      "version": "1.1.1",
      "resolved": "https://registry.npmjs.org/fast-stringify/-/fast-stringify-1.1.1.tgz",
      "integrity": "sha512-2oYQip2IKpGNOvVNhv5w6r3pI9BRSgoKZNsBnKCDXlc7envYhT2kYSejz11UZHVstGVCrUb6TWeENa4H1W5hwg=="
    },
    "hash-it": {
      "version": "4.0.4",
      "resolved": "https://registry.npmjs.org/hash-it/-/hash-it-4.0.4.tgz",
      "integrity": "sha512-LC8xgrdjR3iW2hs7Vb18FFDIyv+hZHFAwJM11SKLwwI4LdoniT+ZmrHk7b6vYjoo7KPFPcGZ/8u2XybBWzWtsw==",
      "requires": {
        "curriable": "^1.1.0",
        "fast-stringify": "^1.1.1",
        "json-prune": "^1.1.0"
      }
    },
    "json-prune": {
      "version": "1.1.0",
      "resolved": "https://registry.npmjs.org/json-prune/-/json-prune-1.1.0.tgz",
      "integrity": "sha1-I+L60QiTKyVQUOPxpwUAwrSqMMc="
    },
    "json-rules-engine": {
      "version": "3.0.2",
      "resolved": "https://registry.npmjs.org/json-rules-engine/-/json-rules-engine-3.0.2.tgz",
      "integrity": "sha512-ZZ4NFlqD35kNDt9kH81hmRzQvZ5uKXro6sMBzn+MZgdTU0A7grmxt9sH86M4eIqZ7k/NDnPKTzheQW07cM0LCg==",
      "requires": {
        "clone": "^2.1.2",
        "events": "^3.0.0",
        "hash-it": "^4.0.4",
        "lodash.isobjectlike": "^4.0.0",
        "selectn": "^1.1.2"
      }
    },
    "jtree": {
      "version": "27.0.0",
      "resolved": "https://registry.npmjs.org/jtree/-/jtree-27.0.0.tgz",
      "integrity": "sha512-Pkx6ZDaLZ87VrvMRRlNw5gvH7GCvZtAFMj/A1dZS1beLFmnpGcM5bCAJidaYUz1y7PTRWDg0Ge61fQIvvBssBg=="
    },
    "lodash.isobjectlike": {
      "version": "4.0.0",
      "resolved": "https://registry.npmjs.org/lodash.isobjectlike/-/lodash.isobjectlike-4.0.0.tgz",
      "integrity": "sha1-dCxfxlrdJ5JNPSQZFoGqmheytg0="
    },
    "ms": {
      "version": "2.0.0",
      "resolved": "https://registry.npmjs.org/ms/-/ms-2.0.0.tgz",
      "integrity": "sha1-VgiurfwAvmwpAd9fmGF4jeDVl8g="
    },
    "selectn": {
      "version": "1.1.2",
      "resolved": "https://registry.npmjs.org/selectn/-/selectn-1.1.2.tgz",
      "integrity": "sha1-/IrNkd8/RaywGJHGdzrlKYUdaxc=",
      "requires": {
        "brackets2dots": "^1.1.0",
        "curry2": "^1.0.0",
        "debug": "^2.5.2",
        "dotsplit.js": "^1.0.3"
      }
    }
  }
}
